Microsoft Visual Studio Solution File, Format Version 11.00
# Visual Studio 2008

Project("{73E29864-D1A0-95CC-F7F8-0064FC7CF0AC}") = "SpacialDecay", "Assembly-CSharp.csproj", "{70D0B3BC-E36A-FB28-3C95-69A5A94C4EF3}"
EndProject
Project("{73E29864-D1A0-95CC-F7F8-0064FC7CF0AC}") = "SpacialDecay", "Assembly-CSharp-Editor.csproj", "{981159FF-10F5-8FE5-2C5A-5F54BD3D9AB1}"
EndProject
Global
	GlobalSection(SolutionConfigurationPlatforms) = preSolution
		Debug|Any CPU = Debug|Any CPU
		Release|Any CPU = Release|Any CPU
	EndGlobalSection
	GlobalSection(ProjectConfigurationPlatforms) = postSolution
		{70D0B3BC-E36A-FB28-3C95-69A5A94C4EF3}.Debug|Any CPU.ActiveCfg = Debug|Any CPU
		{70D0B3BC-E36A-FB28-3C95-69A5A94C4EF3}.Debug|Any CPU.Build.0 = Debug|Any CPU
		{70D0B3BC-E36A-FB28-3C95-69A5A94C4EF3}.Release|Any CPU.ActiveCfg = Release|Any CPU
		{70D0B3BC-E36A-FB28-3C95-69A5A94C4EF3}.Release|Any CPU.Build.0 = Release|Any CPU
		{981159FF-10F5-8FE5-2C5A-5F54BD3D9AB1}.Debug|Any CPU.ActiveCfg = Debug|Any CPU
		{981159FF-10F5-8FE5-2C5A-5F54BD3D9AB1}.Debug|Any CPU.Build.0 = Debug|Any CPU
		{981159FF-10F5-8FE5-2C5A-5F54BD3D9AB1}.Release|Any CPU.ActiveCfg = Release|Any CPU
		{981159FF-10F5-8FE5-2C5A-5F54BD3D9AB1}.Release|Any CPU.Build.0 = Release|Any CPU
	EndGlobalSection
	GlobalSection(SolutionProperties) = preSolution
		HideSolutionNode = FALSE
	EndGlobalSection
	GlobalSection(MonoDevelopProperties) = preSolution
		StartupItem = Assembly-CSharp.csproj
	EndGlobalSection
EndGlobal
